
Microsoft Visual Studio Solution File, Format Version 12.00
# Visual Studio Version 16
VisualStudioVersion = 16.0.29911.84
MinimumVisualStudioVersion = 10.0.40219.1
Project("{FAE04EC0-301F-11D3-BF4B-00C04F79EFBC}") = "S-Nav.UWP", "S-Nav\S-Nav.UWP\S-Nav.UWP.csproj", "{BDF22863-9FB1-44A6-B43B-34E188E5D248}"
EndProject
Project("{FAE04EC0-301F-11D3-BF4B-00C04F79EFBC}") = "S-Nav.Android", "S-Nav\S-Nav.Android\S-Nav.Android.csproj", "{20F96FBC-9388-44EE-99EA-60AA9BE03161}"
EndProject
Project("{FAE04EC0-301F-11D3-BF4B-00C04F79EFBC}") = "S-Nav.iOS", "S-Nav\S-Nav.iOS\S-Nav.iOS.csproj", "{C13D745D-5439-461F-AFAB-8D7D2498895E}"
EndProject
Project("{FAE04EC0-301F-11D3-BF4B-00C04F79EFBC}") = "S-Nav.Web", "S-Nav\S-Nav.Web\S-Nav.Web.csproj", "{5DB4A974-8A4A-449A-A3A1-BA7772F4AAAD}"
EndProject
Project("{FAE04EC0-301F-11D3-BF4B-00C04F79EFBC}") = "S-Nav", "S-Nav\S-Nav\S-Nav.csproj", "{E975461E-F982-4F83-A2E7-2F92042C4F9C}"
EndProject
Global
	GlobalSection(SolutionConfigurationPlatforms) = preSolution
		Debug|Any CPU = Debug|Any CPU
		Debug|ARM = Debug|ARM
		Debug|iPhone = Debug|iPhone
		Debug|iPhoneSimulator = Debug|iPhoneSimulator
		Debug|x64 = Debug|x64
		Debug|x86 = Debug|x86
		Release|Any CPU = Release|Any CPU
		Release|ARM = Release|ARM
		Release|iPhone = Release|iPhone
		Release|iPhoneSimulator = Release|iPhoneSimulator
		Release|x64 = Release|x64
		Release|x86 = Release|x86
	EndGlobalSection
	GlobalSection(ProjectConfigurationPlatforms) = postSolution
		{BDF22863-9FB1-44A6-B43B-34E188E5D248}.Debug|Any CPU.ActiveCfg = Debug|x86
		{BDF22863-9FB1-44A6-B43B-34E188E5D248}.Debug|Any CPU.Build.0 = Debug|x86
		{BDF22863-9FB1-44A6-B43B-34E188E5D248}.Debug|Any CPU.Deploy.0 = Debug|x86
		{BDF22863-9FB1-44A6-B43B-34E188E5D248}.Debug|ARM.ActiveCfg = Debug|ARM
		{BDF22863-9FB1-44A6-B43B-34E188E5D248}.Debug|ARM.Build.0 = Debug|ARM
		{BDF22863-9FB1-44A6-B43B-34E188E5D248}.Debug|ARM.Deploy.0 = Debug|ARM
		{BDF22863-9FB1-44A6-B43B-34E188E5D248}.Debug|iPhone.ActiveCfg = Debug|x86
		{BDF22863-9FB1-44A6-B43B-34E188E5D248}.Debug|iPhone.Build.0 = Debug|x86
		{BDF22863-9FB1-44A6-B43B-34E188E5D248}.Debug|iPhone.Deploy.0 = Debug|x86
		{BDF22863-9FB1-44A6-B43B-34E188E5D248}.Debug|iPhoneSimulator.ActiveCfg = Debug|x86
		{BDF22863-9FB1-44A6-B43B-34E188E5D248}.Debug|iPhoneSimulator.Build.0 = Debug|x86
		{BDF22863-9FB1-44A6-B43B-34E188E5D248}.Debug|iPhoneSimulator.Deploy.0 = Debug|x86
		{BDF22863-9FB1-44A6-B43B-34E188E5D248}.Debug|x64.ActiveCfg = Debug|x64
		{BDF22863-9FB1-44A6-B43B-34E188E5D248}.Debug|x64.Build.0 = Debug|x64
		{BDF22863-9FB1-44A6-B43B-34E188E5D248}.Debug|x64.Deploy.0 = Debug|x64
		{BDF22863-9FB1-44A6-B43B-34E188E5D248}.Debug|x86.ActiveCfg = Debug|x86
		{BDF22863-9FB1-44A6-B43B-34E188E5D248}.Debug|x86.Build.0 = Debug|x86
		{BDF22863-9FB1-44A6-B43B-34E188E5D248}.Debug|x86.Deploy.0 = Debug|x86
		{BDF22863-9FB1-44A6-B43B-34E188E5D248}.Release|Any CPU.ActiveCfg = Release|x86
		{BDF22863-9FB1-44A6-B43B-34E188E5D248}.Release|Any CPU.Build.0 = Release|x86
		{BDF22863-9FB1-44A6-B43B-34E188E5D248}.Release|Any CPU.Deploy.0 = Release|x86
		{BDF22863-9FB1-44A6-B43B-34E188E5D248}.Release|ARM.ActiveCfg = Release|ARM
		{BDF22863-9FB1-44A6-B43B-34E188E5D248}.Release|ARM.Build.0 = Release|ARM
		{BDF22863-9FB1-44A6-B43B-34E188E5D248}.Release|ARM.Deploy.0 = Release|ARM
		{BDF22863-9FB1-44A6-B43B-34E188E5D248}.Release|iPhone.ActiveCfg = Release|x86
		{BDF22863-9FB1-44A6-B43B-34E188E5D248}.Release|iPhone.Build.0 = Release|x86
		{BDF22863-9FB1-44A6-B43B-34E188E5D248}.Release|iPhone.Deploy.0 = Release|x86
		{BDF22863-9FB1-44A6-B43B-34E188E5D248}.Release|iPhoneSimulator.ActiveCfg = Release|x86
		{BDF22863-9FB1-44A6-B43B-34E188E5D248}.Release|iPhoneSimulator.Build.0 = Release|x86
		{BDF22863-9FB1-44A6-B43B-34E188E5D248}.Release|iPhoneSimulator.Deploy.0 = Release|x86
		{BDF22863-9FB1-44A6-B43B-34E188E5D248}.Release|x64.ActiveCfg = Release|x64
		{BDF22863-9FB1-44A6-B43B-34E188E5D248}.Release|x64.Build.0 = Release|x64
		{BDF22863-9FB1-44A6-B43B-34E188E5D248}.Release|x64.Deploy.0 = Release|x64
		{BDF22863-9FB1-44A6-B43B-34E188E5D248}.Release|x86.ActiveCfg = Release|x86
		{BDF22863-9FB1-44A6-B43B-34E188E5D248}.Release|x86.Build.0 = Release|x86
		{BDF22863-9FB1-44A6-B43B-34E188E5D248}.Release|x86.Deploy.0 = Release|x86
		{20F96FBC-9388-44EE-99EA-60AA9BE03161}.Debug|Any CPU.ActiveCfg = Debug|Any CPU
		{20F96FBC-9388-44EE-99EA-60AA9BE03161}.Debug|Any CPU.Build.0 = Debug|Any CPU
		{20F96FBC-9388-44EE-99EA-60AA9BE03161}.Debug|Any CPU.Deploy.0 = Debug|Any CPU
		{20F96FBC-9388-44EE-99EA-60AA9BE03161}.Debug|ARM.ActiveCfg = Debug|Any CPU
		{20F96FBC-9388-44EE-99EA-60AA9BE03161}.Debug|ARM.Build.0 = Debug|Any CPU
		{20F96FBC-9388-44EE-99EA-60AA9BE03161}.Debug|ARM.Deploy.0 = Debug|Any CPU
		{20F96FBC-9388-44EE-99EA-60AA9BE03161}.Debug|iPhone.ActiveCfg = Debug|Any CPU
		{20F96FBC-9388-44EE-99EA-60AA9BE03161}.Debug|iPhone.Build.0 = Debug|Any CPU
		{20F96FBC-9388-44EE-99EA-60AA9BE03161}.Debug|iPhone.Deploy.0 = Debug|Any CPU
		{20F96FBC-9388-44EE-99EA-60AA9BE03161}.Debug|iPhoneSimulator.ActiveCfg = Debug|Any CPU
		{20F96FBC-9388-44EE-99EA-60AA9BE03161}.Debug|iPhoneSimulator.Build.0 = Debug|Any CPU
		{20F96FBC-9388-44EE-99EA-60AA9BE03161}.Debug|iPhoneSimulator.Deploy.0 = Debug|Any CPU
		{20F96FBC-9388-44EE-99EA-60AA9BE03161}.Debug|x64.ActiveCfg = Debug|Any CPU
		{20F96FBC-9388-44EE-99EA-60AA9BE03161}.Debug|x64.Build.0 = Debug|Any CPU
		{20F96FBC-9388-44EE-99EA-60AA9BE03161}.Debug|x64.Deploy.0 = Debug|Any CPU
		{20F96FBC-9388-44EE-99EA-60AA9BE03161}.Debug|x86.ActiveCfg = Debug|Any CPU
		{20F96FBC-9388-44EE-99EA-60AA9BE03161}.Debug|x86.Build.0 = Debug|Any CPU
		{20F96FBC-9388-44EE-99EA-60AA9BE03161}.Debug|x86.Deploy.0 = Debug|Any CPU
		{20F96FBC-9388-44EE-99EA-60AA9BE03161}.Release|Any CPU.ActiveCfg = Release|Any CPU
		{20F96FBC-9388-44EE-99EA-60AA9BE03161}.Release|Any CPU.Build.0 = Release|Any CPU
		{20F96FBC-9388-44EE-99EA-60AA9BE03161}.Release|Any CPU.Deploy.0 = Release|Any CPU
		{20F96FBC-9388-44EE-99EA-60AA9BE03161}.Release|ARM.ActiveCfg = Release|Any CPU
		{20F96FBC-9388-44EE-99EA-60AA9BE03161}.Release|ARM.Build.0 = Release|Any CPU
		{20F96FBC-9388-44EE-99EA-60AA9BE03161}.Release|ARM.Deploy.0 = Release|Any CPU
		{20F96FBC-9388-44EE-99EA-60AA9BE03161}.Release|iPhone.ActiveCfg = Release|Any CPU
		{20F96FBC-9388-44EE-99EA-60AA9BE03161}.Release|iPhone.Build.0 = Release|Any CPU
		{20F96FBC-9388-44EE-99EA-60AA9BE03161}.Release|iPhone.Deploy.0 = Release|Any CPU
		{20F96FBC-9388-44EE-99EA-60AA9BE03161}.Release|iPhoneSimulator.ActiveCfg = Release|Any CPU
		{20F96FBC-9388-44EE-99EA-60AA9BE03161}.Release|iPhoneSimulator.Build.0 = Release|Any CPU
		{20F96FBC-9388-44EE-99EA-60AA9BE03161}.Release|iPhoneSimulator.Deploy.0 = Release|Any CPU
		{20F96FBC-9388-44EE-99EA-60AA9BE03161}.Release|x64.ActiveCfg = Release|Any CPU
		{20F96FBC-9388-44EE-99EA-60AA9BE03161}.Release|x64.Build.0 = Release|Any CPU
		{20F96FBC-9388-44EE-99EA-60AA9BE03161}.Release|x64.Deploy.0 = Release|Any CPU
		{20F96FBC-9388-44EE-99EA-60AA9BE03161}.Release|x86.ActiveCfg = Release|Any CPU
		{20F96FBC-9388-44EE-99EA-60AA9BE03161}.Release|x86.Build.0 = Release|Any CPU
		{20F96FBC-9388-44EE-99EA-60AA9BE03161}.Release|x86.Deploy.0 = Release|Any CPU
		{C13D745D-5439-461F-AFAB-8D7D2498895E}.Debug|Any CPU.ActiveCfg = Debug|iPhone
		{C13D745D-5439-461F-AFAB-8D7D2498895E}.Debug|Any CPU.Build.0 = Debug|iPhone
		{C13D745D-5439-461F-AFAB-8D7D2498895E}.Debug|Any CPU.Deploy.0 = Debug|iPhone
		{C13D745D-5439-461F-AFAB-8D7D2498895E}.Debug|ARM.ActiveCfg = Debug|iPhone
		{C13D745D-5439-461F-AFAB-8D7D2498895E}.Debug|ARM.Build.0 = Debug|iPhone
		{C13D745D-5439-461F-AFAB-8D7D2498895E}.Debug|ARM.Deploy.0 = Debug|iPhone
		{C13D745D-5439-461F-AFAB-8D7D2498895E}.Debug|iPhone.ActiveCfg = Debug|iPhone
		{C13D745D-5439-461F-AFAB-8D7D2498895E}.Debug|iPhone.Build.0 = Debug|iPhone
		{C13D745D-5439-461F-AFAB-8D7D2498895E}.Debug|iPhone.Deploy.0 = Debug|iPhone
		{C13D745D-5439-461F-AFAB-8D7D2498895E}.Debug|iPhoneSimulator.ActiveCfg = Debug|iPhoneSimulator
		{C13D745D-5439-461F-AFAB-8D7D2498895E}.Debug|iPhoneSimulator.Build.0 = Debug|iPhoneSimulator
		{C13D745D-5439-461F-AFAB-8D7D2498895E}.Debug|iPhoneSimulator.Deploy.0 = Debug|iPhoneSimulator
		{C13D745D-5439-461F-AFAB-8D7D2498895E}.Debug|x64.ActiveCfg = Debug|iPhone
		{C13D745D-5439-461F-AFAB-8D7D2498895E}.Debug|x64.Build.0 = Debug|iPhone
		{C13D745D-5439-461F-AFAB-8D7D2498895E}.Debug|x64.Deploy.0 = Debug|iPhone
		{C13D745D-5439-461F-AFAB-8D7D2498895E}.Debug|x86.ActiveCfg = Debug|iPhone
		{C13D745D-5439-461F-AFAB-8D7D2498895E}.Debug|x86.Build.0 = Debug|iPhone
		{C13D745D-5439-461F-AFAB-8D7D2498895E}.Debug|x86.Deploy.0 = Debug|iPhone
		{C13D745D-5439-461F-AFAB-8D7D2498895E}.Release|Any CPU.ActiveCfg = Release|iPhone
		{C13D745D-5439-461F-AFAB-8D7D2498895E}.Release|Any CPU.Build.0 = Release|iPhone
		{C13D745D-5439-461F-AFAB-8D7D2498895E}.Release|Any CPU.Deploy.0 = Release|iPhone
		{C13D745D-5439-461F-AFAB-8D7D2498895E}.Release|ARM.ActiveCfg = Release|iPhone
		{C13D745D-5439-461F-AFAB-8D7D2498895E}.Release|ARM.Build.0 = Release|iPhone
		{C13D745D-5439-461F-AFAB-8D7D2498895E}.Release|ARM.Deploy.0 = Release|iPhone
		{C13D745D-5439-461F-AFAB-8D7D2498895E}.Release|iPhone.ActiveCfg = Release|iPhone
		{C13D745D-5439-461F-AFAB-8D7D2498895E}.Release|iPhone.Build.0 = Release|iPhone
		{C13D745D-5439-461F-AFAB-8D7D2498895E}.Release|iPhone.Deploy.0 = Release|iPhone
		{C13D745D-5439-461F-AFAB-8D7D2498895E}.Release|iPhoneSimulator.ActiveCfg = Release|iPhoneSimulator
		{C13D745D-5439-461F-AFAB-8D7D2498895E}.Release|iPhoneSimulator.Build.0 = Release|iPhoneSimulator
		{C13D745D-5439-461F-AFAB-8D7D2498895E}.Release|iPhoneSimulator.Deploy.0 = Release|iPhoneSimulator
		{C13D745D-5439-461F-AFAB-8D7D2498895E}.Release|x64.ActiveCfg = Release|iPhone
		{C13D745D-5439-461F-AFAB-8D7D2498895E}.Release|x64.Build.0 = Release|iPhone
		{C13D745D-5439-461F-AFAB-8D7D2498895E}.Release|x64.Deploy.0 = Release|iPhone
		{C13D745D-5439-461F-AFAB-8D7D2498895E}.Release|x86.ActiveCfg = Release|iPhone
		{C13D745D-5439-461F-AFAB-8D7D2498895E}.Release|x86.Build.0 = Release|iPhone
		{C13D745D-5439-461F-AFAB-8D7D2498895E}.Release|x86.Deploy.0 = Release|iPhone
		{5DB4A974-8A4A-449A-A3A1-BA7772F4AAAD}.Debug|Any CPU.ActiveCfg = Debug|Any CPU
		{5DB4A974-8A4A-449A-A3A1-BA7772F4AAAD}.Debug|Any CPU.Build.0 = Debug|Any CPU
		{5DB4A974-8A4A-449A-A3A1-BA7772F4AAAD}.Debug|Any CPU.Deploy.0 = Debug|Any CPU
		{5DB4A974-8A4A-449A-A3A1-BA7772F4AAAD}.Debug|ARM.ActiveCfg = Debug|Any CPU
		{5DB4A974-8A4A-449A-A3A1-BA7772F4AAAD}.Debug|ARM.Build.0 = Debug|Any CPU
		{5DB4A974-8A4A-449A-A3A1-BA7772F4AAAD}.Debug|ARM.Deploy.0 = Debug|Any CPU
		{5DB4A974-8A4A-449A-A3A1-BA7772F4AAAD}.Debug|iPhone.ActiveCfg = Debug|Any CPU
		{5DB4A974-8A4A-449A-A3A1-BA7772F4AAAD}.Debug|iPhone.Build.0 = Debug|Any CPU
		{5DB4A974-8A4A-449A-A3A1-BA7772F4AAAD}.Debug|iPhone.Deploy.0 = Debug|Any CPU
		{5DB4A974-8A4A-449A-A3A1-BA7772F4AAAD}.Debug|iPhoneSimulator.ActiveCfg = Debug|Any CPU
		{5DB4A974-8A4A-449A-A3A1-BA7772F4AAAD}.Debug|iPhoneSimulator.Build.0 = Debug|Any CPU
		{5DB4A974-8A4A-449A-A3A1-BA7772F4AAAD}.Debug|iPhoneSimulator.Deploy.0 = Debug|Any CPU
		{5DB4A974-8A4A-449A-A3A1-BA7772F4AAAD}.Debug|x64.ActiveCfg = Debug|Any CPU
		{5DB4A974-8A4A-449A-A3A1-BA7772F4AAAD}.Debug|x64.Build.0 = Debug|Any CPU
		{5DB4A974-8A4A-449A-A3A1-BA7772F4AAAD}.Debug|x64.Deploy.0 = Debug|Any CPU
		{5DB4A974-8A4A-449A-A3A1-BA7772F4AAAD}.Debug|x86.ActiveCfg = Debug|Any CPU
		{5DB4A974-8A4A-449A-A3A1-BA7772F4AAAD}.Debug|x86.Build.0 = Debug|Any CPU
		{5DB4A974-8A4A-449A-A3A1-BA7772F4AAAD}.Debug|x86.Deploy.0 = Debug|Any CPU
		{5DB4A974-8A4A-449A-A3A1-BA7772F4AAAD}.Release|Any CPU.ActiveCfg = Release|Any CPU
		{5DB4A974-8A4A-449A-A3A1-BA7772F4AAAD}.Release|Any CPU.Build.0 = Release|Any CPU
		{5DB4A974-8A4A-449A-A3A1-BA7772F4AAAD}.Release|Any CPU.Deploy.0 = Release|Any CPU
		{5DB4A974-8A4A-449A-A3A1-BA7772F4AAAD}.Release|ARM.ActiveCfg = Release|Any CPU
		{5DB4A974-8A4A-449A-A3A1-BA7772F4AAAD}.Release|ARM.Build.0 = Release|Any CPU
		{5DB4A974-8A4A-449A-A3A1-BA7772F4AAAD}.Release|ARM.Deploy.0 = Release|Any CPU
		{5DB4A974-8A4A-449A-A3A1-BA7772F4AAAD}.Release|iPhone.ActiveCfg = Release|Any CPU
		{5DB4A974-8A4A-449A-A3A1-BA7772F4AAAD}.Release|iPhone.Build.0 = Release|Any CPU
		{5DB4A974-8A4A-449A-A3A1-BA7772F4AAAD}.Release|iPhone.Deploy.0 = Release|Any CPU
		{5DB4A974-8A4A-449A-A3A1-BA7772F4AAAD}.Release|iPhoneSimulator.ActiveCfg = Release|Any CPU
		{5DB4A974-8A4A-449A-A3A1-BA7772F4AAAD}.Release|iPhoneSimulator.Build.0 = Release|Any CPU
		{5DB4A974-8A4A-449A-A3A1-BA7772F4AAAD}.Release|iPhoneSimulator.Deploy.0 = Release|Any CPU
		{5DB4A974-8A4A-449A-A3A1-BA7772F4AAAD}.Release|x64.ActiveCfg = Release|Any CPU
		{5DB4A974-8A4A-449A-A3A1-BA7772F4AAAD}.Release|x64.Build.0 = Release|Any CPU
		{5DB4A974-8A4A-449A-A3A1-BA7772F4AAAD}.Release|x64.Deploy.0 = Release|Any CPU
		{5DB4A974-8A4A-449A-A3A1-BA7772F4AAAD}.Release|x86.ActiveCfg = Release|Any CPU
		{5DB4A974-8A4A-449A-A3A1-BA7772F4AAAD}.Release|x86.Build.0 = Release|Any CPU
		{5DB4A974-8A4A-449A-A3A1-BA7772F4AAAD}.Release|x86.Deploy.0 = Release|Any CPU
		{E975461E-F982-4F83-A2E7-2F92042C4F9C}.Debug|Any CPU.ActiveCfg = Debug|Any CPU
		{E975461E-F982-4F83-A2E7-2F92042C4F9C}.Debug|Any CPU.Build.0 = Debug|Any CPU
		{E975461E-F982-4F83-A2E7-2F92042C4F9C}.Debug|Any CPU.Deploy.0 = Debug|Any CPU
		{E975461E-F982-4F83-A2E7-2F92042C4F9C}.Debug|ARM.ActiveCfg = Debug|Any CPU
		{E975461E-F982-4F83-A2E7-2F92042C4F9C}.Debug|ARM.Build.0 = Debug|Any CPU
		{E975461E-F982-4F83-A2E7-2F92042C4F9C}.Debug|ARM.Deploy.0 = Debug|Any CPU
		{E975461E-F982-4F83-A2E7-2F92042C4F9C}.Debug|iPhone.ActiveCfg = Debug|Any CPU
		{E975461E-F982-4F83-A2E7-2F92042C4F9C}.Debug|iPhone.Build.0 = Debug|Any CPU
		{E975461E-F982-4F83-A2E7-2F92042C4F9C}.Debug|iPhone.Deploy.0 = Debug|Any CPU
		{E975461E-F982-4F83-A2E7-2F92042C4F9C}.Debug|iPhoneSimulator.ActiveCfg = Debug|Any CPU
		{E975461E-F982-4F83-A2E7-2F92042C4F9C}.Debug|iPhoneSimulator.Build.0 = Debug|Any CPU
		{E975461E-F982-4F83-A2E7-2F92042C4F9C}.Debug|iPhoneSimulator.Deploy.0 = Debug|Any CPU
		{E975461E-F982-4F83-A2E7-2F92042C4F9C}.Debug|x64.ActiveCfg = Debug|Any CPU
		{E975461E-F982-4F83-A2E7-2F92042C4F9C}.Debug|x64.Build.0 = Debug|Any CPU
		{E975461E-F982-4F83-A2E7-2F92042C4F9C}.Debug|x64.Deploy.0 = Debug|Any CPU
		{E975461E-F982-4F83-A2E7-2F92042C4F9C}.Debug|x86.ActiveCfg = Debug|Any CPU
		{E975461E-F982-4F83-A2E7-2F92042C4F9C}.Debug|x86.Build.0 = Debug|Any CPU
		{E975461E-F982-4F83-A2E7-2F92042C4F9C}.Debug|x86.Deploy.0 = Debug|Any CPU
		{E975461E-F982-4F83-A2E7-2F92042C4F9C}.Release|Any CPU.ActiveCfg = Release|Any CPU
		{E975461E-F982-4F83-A2E7-2F92042C4F9C}.Release|Any CPU.Build.0 = Release|Any CPU
		{E975461E-F982-4F83-A2E7-2F92042C4F9C}.Release|Any CPU.Deploy.0 = Release|Any CPU
		{E975461E-F982-4F83-A2E7-2F92042C4F9C}.Release|ARM.ActiveCfg = Release|Any CPU
		{E975461E-F982-4F83-A2E7-2F92042C4F9C}.Release|ARM.Build.0 = Release|Any CPU
		{E975461E-F982-4F83-A2E7-2F92042C4F9C}.Release|ARM.Deploy.0 = Release|Any CPU
		{E975461E-F982-4F83-A2E7-2F92042C4F9C}.Release|iPhone.ActiveCfg = Release|Any CPU
		{E975461E-F982-4F83-A2E7-2F92042C4F9C}.Release|iPhone.Build.0 = Release|Any CPU
		{E975461E-F982-4F83-A2E7-2F92042C4F9C}.Release|iPhone.Deploy.0 = Release|Any CPU
		{E975461E-F982-4F83-A2E7-2F92042C4F9C}.Release|iPhoneSimulator.ActiveCfg = Release|Any CPU
		{E975461E-F982-4F83-A2E7-2F92042C4F9C}.Release|iPhoneSimulator.Build.0 = Release|Any CPU
		{E975461E-F982-4F83-A2E7-2F92042C4F9C}.Release|iPhoneSimulator.Deploy.0 = Release|Any CPU
		{E975461E-F982-4F83-A2E7-2F92042C4F9C}.Release|x64.ActiveCfg = Release|Any CPU
		{E975461E-F982-4F83-A2E7-2F92042C4F9C}.Release|x64.Build.0 = Release|Any CPU
		{E975461E-F982-4F83-A2E7-2F92042C4F9C}.Release|x64.Deploy.0 = Release|Any CPU
		{E975461E-F982-4F83-A2E7-2F92042C4F9C}.Release|x86.ActiveCfg = Release|Any CPU
		{E975461E-F982-4F83-A2E7-2F92042C4F9C}.Release|x86.Build.0 = Release|Any CPU
		{E975461E-F982-4F83-A2E7-2F92042C4F9C}.Release|x86.Deploy.0 = Release|Any CPU
	EndGlobalSection
	GlobalSection(SolutionProperties) = preSolution
		HideSolutionNode = FALSE
	EndGlobalSection
	GlobalSection(ExtensibilityGlobals) = postSolution
		SolutionGuid = {7F9D8F44-D4F5-4A64-BB36-04B43469ECE1}
	EndGlobalSection
EndGlobal
