
Microsoft Visual Studio Solution File, Format Version 12.00
# Visual Studio Version 16
VisualStudioVersion = 16.0.29926.136
MinimumVisualStudioVersion = 10.0.40219.1
Project("{FAE04EC0-301F-11D3-BF4B-00C04F79EFBC}") = "PathfindingMisc.Android", "PathfindingMisc.Android\PathfindingMisc.Android.csproj", "{A21C97D3-61A6-41B9-A478-10AB1B84F1DE}"
EndProject
Project("{FAE04EC0-301F-11D3-BF4B-00C04F79EFBC}") = "PathfindingMisc", "PathfindingMisc\PathfindingMisc.csproj", "{02241A0C-3A82-4067-A042-E364820CB6A5}"
EndProject
Global
	GlobalSection(SolutionConfigurationPlatforms) = preSolution
		Debug|Any CPU = Debug|Any CPU
		Release|Any CPU = Release|Any CPU
	EndGlobalSection
	GlobalSection(ProjectConfigurationPlatforms) = postSolution
		{A21C97D3-61A6-41B9-A478-10AB1B84F1DE}.Debug|Any CPU.ActiveCfg = Debug|Any CPU
		{A21C97D3-61A6-41B9-A478-10AB1B84F1DE}.Debug|Any CPU.Build.0 = Debug|Any CPU
		{A21C97D3-61A6-41B9-A478-10AB1B84F1DE}.Debug|Any CPU.Deploy.0 = Debug|Any CPU
		{A21C97D3-61A6-41B9-A478-10AB1B84F1DE}.Release|Any CPU.ActiveCfg = Release|Any CPU
		{A21C97D3-61A6-41B9-A478-10AB1B84F1DE}.Release|Any CPU.Build.0 = Release|Any CPU
		{A21C97D3-61A6-41B9-A478-10AB1B84F1DE}.Release|Any CPU.Deploy.0 = Release|Any CPU
		{02241A0C-3A82-4067-A042-E364820CB6A5}.Debug|Any CPU.ActiveCfg = Debug|Any CPU
		{02241A0C-3A82-4067-A042-E364820CB6A5}.Debug|Any CPU.Build.0 = Debug|Any CPU
		{02241A0C-3A82-4067-A042-E364820CB6A5}.Debug|Any CPU.Deploy.0 = Debug|Any CPU
		{02241A0C-3A82-4067-A042-E364820CB6A5}.Release|Any CPU.ActiveCfg = Release|Any CPU
		{02241A0C-3A82-4067-A042-E364820CB6A5}.Release|Any CPU.Build.0 = Release|Any CPU
		{02241A0C-3A82-4067-A042-E364820CB6A5}.Release|Any CPU.Deploy.0 = Release|Any CPU
	EndGlobalSection
	GlobalSection(SolutionProperties) = preSolution
		HideSolutionNode = FALSE
	EndGlobalSection
	GlobalSection(ExtensibilityGlobals) = postSolution
		SolutionGuid = {61CD6E4F-A6BA-4548-9AF5-EE8D6C2F7DFA}
	EndGlobalSection
EndGlobal
